
Microsoft Visual Studio Solution File, Format Version 12.00
# Visual Studio Version 17
VisualStudioVersion = 17.14.36221.1 d17.14
MinimumVisualStudioVersion = 10.0.40219.1
Project("{FAE04EC0-301F-11D3-BF4B-00C04F79EFBC}") = "NoBloodMoons", "NoBloodMoons.csproj", "{1EC684AA-294E-4567-8D11-78B7CFC8DD9B}"
EndProject
Global
	GlobalSection(SolutionConfigurationPlatforms) = preSolution
		Debug|Any CPU = Debug|Any CPU
		Release|Any CPU = Release|Any CPU
	EndGlobalSection
	GlobalSection(ProjectConfigurationPlatforms) = postSolution
		{1EC684AA-294E-4567-8D11-78B7CFC8DD9B}.Debug|Any CPU.ActiveCfg = Debug|Any CPU
		{1EC684AA-294E-4567-8D11-78B7CFC8DD9B}.Debug|Any CPU.Build.0 = Debug|Any CPU
		{1EC684AA-294E-4567-8D11-78B7CFC8DD9B}.Release|Any CPU.ActiveCfg = Release|Any CPU
		{1EC684AA-294E-4567-8D11-78B7CFC8DD9B}.Release|Any CPU.Build.0 = Release|Any CPU
	EndGlobalSection
	GlobalSection(SolutionProperties) = preSolution
		HideSolutionNode = FALSE
	EndGlobalSection
	GlobalSection(ExtensibilityGlobals) = postSolution
		SolutionGuid = {B0DF73EF-7D40-4BA7-9B07-37906DD74211}
	EndGlobalSection
EndGlobal
